
Microsoft Visual Studio Solution File, Format Version 12.00
# Visual Studio Version 17
VisualStudioVersion = 17.0.31903.59
MinimumVisualStudioVersion = 10.0.40219.1
Project("{2150E333-8FDC-42A3-9474-1A3956D46DE8}") = "src", "src", "{4346CC3A-A6C5-4C25-A077-AF37F4EB8953}"
EndProject
Project("{9A19103F-16F7-4668-BE54-9A1E7A4F7556}") = "WFEngineCore", "src\WFEngineCore\WFEngineCore.csproj", "{51B3C7E4-4D4B-41C6-AB2F-96CF1472DE02}"
EndProject
Project("{9A19103F-16F7-4668-BE54-9A1E7A4F7556}") = "WFEngineCore.DSL", "src\WFEngineCore.DSL\WFEngineCore.DSL.csproj", "{37158D6E-5EA9-4C2A-9850-1BA0624781C8}"
EndProject
Project("{FAE04EC0-301F-11D3-BF4B-00C04F79EFBC}") = "WFEngineSDK", "src\WFEngineSDK\WFEngineSDK.csproj", "{80E43DCD-ADEC-4FEB-8B97-C8F2382DDBBC}"
EndProject
Project("{2150E333-8FDC-42A3-9474-1A3956D46DE8}") = "Domain", "Domain", "{83220F9C-5627-49E3-82E7-F88D8125F019}"
EndProject
Project("{2150E333-8FDC-42A3-9474-1A3956D46DE8}") = "Infrastructure", "Infrastructure", "{D0F29B98-12FE-40D1-B526-3DD8EC629807}"
EndProject
Project("{2150E333-8FDC-42A3-9474-1A3956D46DE8}") = "Application", "Application", "{A22AA701-10DA-401A-B163-5DC8EEAE4A00}"
EndProject
Project("{2150E333-8FDC-42A3-9474-1A3956D46DE8}") = "Presentation", "Presentation", "{DF386653-2BA2-4AA0-A9C9-DB68E354A357}"
EndProject
Project("{9A19103F-16F7-4668-BE54-9A1E7A4F7556}") = "WFEngine.Domain.Common", "src\Domain\WFEngine.Domain.Common\WFEngine.Domain.Common.csproj", "{F31CBE8B-5286-49A7-BCA4-7EE41C5D97BD}"
EndProject
Project("{9A19103F-16F7-4668-BE54-9A1E7A4F7556}") = "WFEngine.Application.Common", "src\Application\WFEngine.Application.Common\WFEngine.Application.Common.csproj", "{6D017F69-C7CF-4F38-AEA4-710857E5ECF4}"
EndProject
Project("{9A19103F-16F7-4668-BE54-9A1E7A4F7556}") = "WFEngine.Infrastructure.Common", "src\Infrastructure\WFEngine.Infrastructure.Common\WFEngine.Infrastructure.Common.csproj", "{83AC7828-5034-4F11-B655-94EC266D6946}"
EndProject
Project("{9A19103F-16F7-4668-BE54-9A1E7A4F7556}") = "WFEngine.Presentation.AuthorizationServer", "src\Presentation\WFEngine.Presentation.AuthorizationServer\WFEngine.Presentation.AuthorizationServer.csproj", "{D2A4DE51-ADFD-4C46-A5B4-F7B2C5C8E92E}"
EndProject
Project("{9A19103F-16F7-4668-BE54-9A1E7A4F7556}") = "WFEngine.Domain.Authorization", "src\Domain\WFEngine.Domain.Authorization\WFEngine.Domain.Authorization.csproj", "{E2F05B81-080B-4CF0-93C3-D02C8C4DEBE6}"
EndProject
Project("{FAE04EC0-301F-11D3-BF4B-00C04F79EFBC}") = "WFEngine.Application.AuthorizationServer", "src\Application\WFEngine.Application.AuthorizationServer\WFEngine.Application.AuthorizationServer.csproj", "{ABE0AB3D-4CF6-41BF-9DCF-60EDFBEA017A}"
EndProject
Project("{FAE04EC0-301F-11D3-BF4B-00C04F79EFBC}") = "WFEngine.Infrastructure.AuthorizationServer", "src\Infrastructure\WFEngine.Infrastructure.AuthorizationServer\WFEngine.Infrastructure.AuthorizationServer.csproj", "{E90D6749-EC2A-4072-A36D-FA46E0127AF9}"
EndProject
Global
	GlobalSection(SolutionConfigurationPlatforms) = preSolution
		Debug|Any CPU = Debug|Any CPU
		Debug|arm64 = Debug|arm64
		Debug|x86 = Debug|x86
		Release|Any CPU = Release|Any CPU
		Release|arm64 = Release|arm64
		Release|x86 = Release|x86
	EndGlobalSection
	GlobalSection(ProjectConfigurationPlatforms) = postSolution
		{51B3C7E4-4D4B-41C6-AB2F-96CF1472DE02}.Debug|Any CPU.ActiveCfg = Debug|Any CPU
		{51B3C7E4-4D4B-41C6-AB2F-96CF1472DE02}.Debug|Any CPU.Build.0 = Debug|Any CPU
		{51B3C7E4-4D4B-41C6-AB2F-96CF1472DE02}.Debug|arm64.ActiveCfg = Debug|Any CPU
		{51B3C7E4-4D4B-41C6-AB2F-96CF1472DE02}.Debug|arm64.Build.0 = Debug|Any CPU
		{51B3C7E4-4D4B-41C6-AB2F-96CF1472DE02}.Debug|x86.ActiveCfg = Debug|Any CPU
		{51B3C7E4-4D4B-41C6-AB2F-96CF1472DE02}.Debug|x86.Build.0 = Debug|Any CPU
		{51B3C7E4-4D4B-41C6-AB2F-96CF1472DE02}.Release|Any CPU.ActiveCfg = Release|Any CPU
		{51B3C7E4-4D4B-41C6-AB2F-96CF1472DE02}.Release|Any CPU.Build.0 = Release|Any CPU
		{51B3C7E4-4D4B-41C6-AB2F-96CF1472DE02}.Release|arm64.ActiveCfg = Release|Any CPU
		{51B3C7E4-4D4B-41C6-AB2F-96CF1472DE02}.Release|arm64.Build.0 = Release|Any CPU
		{51B3C7E4-4D4B-41C6-AB2F-96CF1472DE02}.Release|x86.ActiveCfg = Release|Any CPU
		{51B3C7E4-4D4B-41C6-AB2F-96CF1472DE02}.Release|x86.Build.0 = Release|Any CPU
		{37158D6E-5EA9-4C2A-9850-1BA0624781C8}.Debug|Any CPU.ActiveCfg = Debug|Any CPU
		{37158D6E-5EA9-4C2A-9850-1BA0624781C8}.Debug|Any CPU.Build.0 = Debug|Any CPU
		{37158D6E-5EA9-4C2A-9850-1BA0624781C8}.Debug|arm64.ActiveCfg = Debug|Any CPU
		{37158D6E-5EA9-4C2A-9850-1BA0624781C8}.Debug|arm64.Build.0 = Debug|Any CPU
		{37158D6E-5EA9-4C2A-9850-1BA0624781C8}.Debug|x86.ActiveCfg = Debug|Any CPU
		{37158D6E-5EA9-4C2A-9850-1BA0624781C8}.Debug|x86.Build.0 = Debug|Any CPU
		{37158D6E-5EA9-4C2A-9850-1BA0624781C8}.Release|Any CPU.ActiveCfg = Release|Any CPU
		{37158D6E-5EA9-4C2A-9850-1BA0624781C8}.Release|Any CPU.Build.0 = Release|Any CPU
		{37158D6E-5EA9-4C2A-9850-1BA0624781C8}.Release|arm64.ActiveCfg = Release|Any CPU
		{37158D6E-5EA9-4C2A-9850-1BA0624781C8}.Release|arm64.Build.0 = Release|Any CPU
		{37158D6E-5EA9-4C2A-9850-1BA0624781C8}.Release|x86.ActiveCfg = Release|Any CPU
		{37158D6E-5EA9-4C2A-9850-1BA0624781C8}.Release|x86.Build.0 = Release|Any CPU
		{80E43DCD-ADEC-4FEB-8B97-C8F2382DDBBC}.Debug|Any CPU.ActiveCfg = Debug|Any CPU
		{80E43DCD-ADEC-4FEB-8B97-C8F2382DDBBC}.Debug|Any CPU.Build.0 = Debug|Any CPU
		{80E43DCD-ADEC-4FEB-8B97-C8F2382DDBBC}.Debug|arm64.ActiveCfg = Debug|arm64
		{80E43DCD-ADEC-4FEB-8B97-C8F2382DDBBC}.Debug|arm64.Build.0 = Debug|arm64
		{80E43DCD-ADEC-4FEB-8B97-C8F2382DDBBC}.Debug|x86.ActiveCfg = Debug|x86
		{80E43DCD-ADEC-4FEB-8B97-C8F2382DDBBC}.Debug|x86.Build.0 = Debug|x86
		{80E43DCD-ADEC-4FEB-8B97-C8F2382DDBBC}.Release|Any CPU.ActiveCfg = Release|Any CPU
		{80E43DCD-ADEC-4FEB-8B97-C8F2382DDBBC}.Release|Any CPU.Build.0 = Release|Any CPU
		{80E43DCD-ADEC-4FEB-8B97-C8F2382DDBBC}.Release|arm64.ActiveCfg = Release|arm64
		{80E43DCD-ADEC-4FEB-8B97-C8F2382DDBBC}.Release|arm64.Build.0 = Release|arm64
		{80E43DCD-ADEC-4FEB-8B97-C8F2382DDBBC}.Release|x86.ActiveCfg = Release|x86
		{80E43DCD-ADEC-4FEB-8B97-C8F2382DDBBC}.Release|x86.Build.0 = Release|x86
		{F31CBE8B-5286-49A7-BCA4-7EE41C5D97BD}.Debug|Any CPU.ActiveCfg = Debug|Any CPU
		{F31CBE8B-5286-49A7-BCA4-7EE41C5D97BD}.Debug|Any CPU.Build.0 = Debug|Any CPU
		{F31CBE8B-5286-49A7-BCA4-7EE41C5D97BD}.Debug|arm64.ActiveCfg = Debug|Any CPU
		{F31CBE8B-5286-49A7-BCA4-7EE41C5D97BD}.Debug|arm64.Build.0 = Debug|Any CPU
		{F31CBE8B-5286-49A7-BCA4-7EE41C5D97BD}.Debug|x86.ActiveCfg = Debug|Any CPU
		{F31CBE8B-5286-49A7-BCA4-7EE41C5D97BD}.Debug|x86.Build.0 = Debug|Any CPU
		{F31CBE8B-5286-49A7-BCA4-7EE41C5D97BD}.Release|Any CPU.ActiveCfg = Release|Any CPU
		{F31CBE8B-5286-49A7-BCA4-7EE41C5D97BD}.Release|Any CPU.Build.0 = Release|Any CPU
		{F31CBE8B-5286-49A7-BCA4-7EE41C5D97BD}.Release|arm64.ActiveCfg = Release|Any CPU
		{F31CBE8B-5286-49A7-BCA4-7EE41C5D97BD}.Release|arm64.Build.0 = Release|Any CPU
		{F31CBE8B-5286-49A7-BCA4-7EE41C5D97BD}.Release|x86.ActiveCfg = Release|Any CPU
		{F31CBE8B-5286-49A7-BCA4-7EE41C5D97BD}.Release|x86.Build.0 = Release|Any CPU
		{6D017F69-C7CF-4F38-AEA4-710857E5ECF4}.Debug|Any CPU.ActiveCfg = Debug|Any CPU
		{6D017F69-C7CF-4F38-AEA4-710857E5ECF4}.Debug|Any CPU.Build.0 = Debug|Any CPU
		{6D017F69-C7CF-4F38-AEA4-710857E5ECF4}.Debug|arm64.ActiveCfg = Debug|Any CPU
		{6D017F69-C7CF-4F38-AEA4-710857E5ECF4}.Debug|arm64.Build.0 = Debug|Any CPU
		{6D017F69-C7CF-4F38-AEA4-710857E5ECF4}.Debug|x86.ActiveCfg = Debug|Any CPU
		{6D017F69-C7CF-4F38-AEA4-710857E5ECF4}.Debug|x86.Build.0 = Debug|Any CPU
		{6D017F69-C7CF-4F38-AEA4-710857E5ECF4}.Release|Any CPU.ActiveCfg = Release|Any CPU
		{6D017F69-C7CF-4F38-AEA4-710857E5ECF4}.Release|Any CPU.Build.0 = Release|Any CPU
		{6D017F69-C7CF-4F38-AEA4-710857E5ECF4}.Release|arm64.ActiveCfg = Release|Any CPU
		{6D017F69-C7CF-4F38-AEA4-710857E5ECF4}.Release|arm64.Build.0 = Release|Any CPU
		{6D017F69-C7CF-4F38-AEA4-710857E5ECF4}.Release|x86.ActiveCfg = Release|Any CPU
		{6D017F69-C7CF-4F38-AEA4-710857E5ECF4}.Release|x86.Build.0 = Release|Any CPU
		{83AC7828-5034-4F11-B655-94EC266D6946}.Debug|Any CPU.ActiveCfg = Debug|Any CPU
		{83AC7828-5034-4F11-B655-94EC266D6946}.Debug|Any CPU.Build.0 = Debug|Any CPU
		{83AC7828-5034-4F11-B655-94EC266D6946}.Debug|arm64.ActiveCfg = Debug|Any CPU
		{83AC7828-5034-4F11-B655-94EC266D6946}.Debug|arm64.Build.0 = Debug|Any CPU
		{83AC7828-5034-4F11-B655-94EC266D6946}.Debug|x86.ActiveCfg = Debug|Any CPU
		{83AC7828-5034-4F11-B655-94EC266D6946}.Debug|x86.Build.0 = Debug|Any CPU
		{83AC7828-5034-4F11-B655-94EC266D6946}.Release|Any CPU.ActiveCfg = Release|Any CPU
		{83AC7828-5034-4F11-B655-94EC266D6946}.Release|Any CPU.Build.0 = Release|Any CPU
		{83AC7828-5034-4F11-B655-94EC266D6946}.Release|arm64.ActiveCfg = Release|Any CPU
		{83AC7828-5034-4F11-B655-94EC266D6946}.Release|arm64.Build.0 = Release|Any CPU
		{83AC7828-5034-4F11-B655-94EC266D6946}.Release|x86.ActiveCfg = Release|Any CPU
		{83AC7828-5034-4F11-B655-94EC266D6946}.Release|x86.Build.0 = Release|Any CPU
		{D2A4DE51-ADFD-4C46-A5B4-F7B2C5C8E92E}.Debug|Any CPU.ActiveCfg = Debug|Any CPU
		{D2A4DE51-ADFD-4C46-A5B4-F7B2C5C8E92E}.Debug|Any CPU.Build.0 = Debug|Any CPU
		{D2A4DE51-ADFD-4C46-A5B4-F7B2C5C8E92E}.Debug|arm64.ActiveCfg = Debug|Any CPU
		{D2A4DE51-ADFD-4C46-A5B4-F7B2C5C8E92E}.Debug|arm64.Build.0 = Debug|Any CPU
		{D2A4DE51-ADFD-4C46-A5B4-F7B2C5C8E92E}.Debug|x86.ActiveCfg = Debug|Any CPU
		{D2A4DE51-ADFD-4C46-A5B4-F7B2C5C8E92E}.Debug|x86.Build.0 = Debug|Any CPU
		{D2A4DE51-ADFD-4C46-A5B4-F7B2C5C8E92E}.Release|Any CPU.ActiveCfg = Release|Any CPU
		{D2A4DE51-ADFD-4C46-A5B4-F7B2C5C8E92E}.Release|Any CPU.Build.0 = Release|Any CPU
		{D2A4DE51-ADFD-4C46-A5B4-F7B2C5C8E92E}.Release|arm64.ActiveCfg = Release|Any CPU
		{D2A4DE51-ADFD-4C46-A5B4-F7B2C5C8E92E}.Release|arm64.Build.0 = Release|Any CPU
		{D2A4DE51-ADFD-4C46-A5B4-F7B2C5C8E92E}.Release|x86.ActiveCfg = Release|Any CPU
		{D2A4DE51-ADFD-4C46-A5B4-F7B2C5C8E92E}.Release|x86.Build.0 = Release|Any CPU
		{E2F05B81-080B-4CF0-93C3-D02C8C4DEBE6}.Debug|Any CPU.ActiveCfg = Debug|Any CPU
		{E2F05B81-080B-4CF0-93C3-D02C8C4DEBE6}.Debug|Any CPU.Build.0 = Debug|Any CPU
		{E2F05B81-080B-4CF0-93C3-D02C8C4DEBE6}.Debug|arm64.ActiveCfg = Debug|Any CPU
		{E2F05B81-080B-4CF0-93C3-D02C8C4DEBE6}.Debug|arm64.Build.0 = Debug|Any CPU
		{E2F05B81-080B-4CF0-93C3-D02C8C4DEBE6}.Debug|x86.ActiveCfg = Debug|Any CPU
		{E2F05B81-080B-4CF0-93C3-D02C8C4DEBE6}.Debug|x86.Build.0 = Debug|Any CPU
		{E2F05B81-080B-4CF0-93C3-D02C8C4DEBE6}.Release|Any CPU.ActiveCfg = Release|Any CPU
		{E2F05B81-080B-4CF0-93C3-D02C8C4DEBE6}.Release|Any CPU.Build.0 = Release|Any CPU
		{E2F05B81-080B-4CF0-93C3-D02C8C4DEBE6}.Release|arm64.ActiveCfg = Release|Any CPU
		{E2F05B81-080B-4CF0-93C3-D02C8C4DEBE6}.Release|arm64.Build.0 = Release|Any CPU
		{E2F05B81-080B-4CF0-93C3-D02C8C4DEBE6}.Release|x86.ActiveCfg = Release|Any CPU
		{E2F05B81-080B-4CF0-93C3-D02C8C4DEBE6}.Release|x86.Build.0 = Release|Any CPU
		{ABE0AB3D-4CF6-41BF-9DCF-60EDFBEA017A}.Debug|Any CPU.ActiveCfg = Debug|Any CPU
		{ABE0AB3D-4CF6-41BF-9DCF-60EDFBEA017A}.Debug|Any CPU.Build.0 = Debug|Any CPU
		{ABE0AB3D-4CF6-41BF-9DCF-60EDFBEA017A}.Debug|arm64.ActiveCfg = Debug|Any CPU
		{ABE0AB3D-4CF6-41BF-9DCF-60EDFBEA017A}.Debug|arm64.Build.0 = Debug|Any CPU
		{ABE0AB3D-4CF6-41BF-9DCF-60EDFBEA017A}.Debug|x86.ActiveCfg = Debug|Any CPU
		{ABE0AB3D-4CF6-41BF-9DCF-60EDFBEA017A}.Debug|x86.Build.0 = Debug|Any CPU
		{ABE0AB3D-4CF6-41BF-9DCF-60EDFBEA017A}.Release|Any CPU.ActiveCfg = Release|Any CPU
		{ABE0AB3D-4CF6-41BF-9DCF-60EDFBEA017A}.Release|Any CPU.Build.0 = Release|Any CPU
		{ABE0AB3D-4CF6-41BF-9DCF-60EDFBEA017A}.Release|arm64.ActiveCfg = Release|Any CPU
		{ABE0AB3D-4CF6-41BF-9DCF-60EDFBEA017A}.Release|arm64.Build.0 = Release|Any CPU
		{ABE0AB3D-4CF6-41BF-9DCF-60EDFBEA017A}.Release|x86.ActiveCfg = Release|Any CPU
		{ABE0AB3D-4CF6-41BF-9DCF-60EDFBEA017A}.Release|x86.Build.0 = Release|Any CPU
		{E90D6749-EC2A-4072-A36D-FA46E0127AF9}.Debug|Any CPU.ActiveCfg = Debug|Any CPU
		{E90D6749-EC2A-4072-A36D-FA46E0127AF9}.Debug|Any CPU.Build.0 = Debug|Any CPU
		{E90D6749-EC2A-4072-A36D-FA46E0127AF9}.Debug|arm64.ActiveCfg = Debug|Any CPU
		{E90D6749-EC2A-4072-A36D-FA46E0127AF9}.Debug|arm64.Build.0 = Debug|Any CPU
		{E90D6749-EC2A-4072-A36D-FA46E0127AF9}.Debug|x86.ActiveCfg = Debug|Any CPU
		{E90D6749-EC2A-4072-A36D-FA46E0127AF9}.Debug|x86.Build.0 = Debug|Any CPU
		{E90D6749-EC2A-4072-A36D-FA46E0127AF9}.Release|Any CPU.ActiveCfg = Release|Any CPU
		{E90D6749-EC2A-4072-A36D-FA46E0127AF9}.Release|Any CPU.Build.0 = Release|Any CPU
		{E90D6749-EC2A-4072-A36D-FA46E0127AF9}.Release|arm64.ActiveCfg = Release|Any CPU
		{E90D6749-EC2A-4072-A36D-FA46E0127AF9}.Release|arm64.Build.0 = Release|Any CPU
		{E90D6749-EC2A-4072-A36D-FA46E0127AF9}.Release|x86.ActiveCfg = Release|Any CPU
		{E90D6749-EC2A-4072-A36D-FA46E0127AF9}.Release|x86.Build.0 = Release|Any CPU
	EndGlobalSection
	GlobalSection(SolutionProperties) = preSolution
		HideSolutionNode = FALSE
	EndGlobalSection
	GlobalSection(NestedProjects) = preSolution
		{51B3C7E4-4D4B-41C6-AB2F-96CF1472DE02} = {4346CC3A-A6C5-4C25-A077-AF37F4EB8953}
		{37158D6E-5EA9-4C2A-9850-1BA0624781C8} = {4346CC3A-A6C5-4C25-A077-AF37F4EB8953}
		{80E43DCD-ADEC-4FEB-8B97-C8F2382DDBBC} = {4346CC3A-A6C5-4C25-A077-AF37F4EB8953}
		{83220F9C-5627-49E3-82E7-F88D8125F019} = {4346CC3A-A6C5-4C25-A077-AF37F4EB8953}
		{D0F29B98-12FE-40D1-B526-3DD8EC629807} = {4346CC3A-A6C5-4C25-A077-AF37F4EB8953}
		{A22AA701-10DA-401A-B163-5DC8EEAE4A00} = {4346CC3A-A6C5-4C25-A077-AF37F4EB8953}
		{DF386653-2BA2-4AA0-A9C9-DB68E354A357} = {4346CC3A-A6C5-4C25-A077-AF37F4EB8953}
		{F31CBE8B-5286-49A7-BCA4-7EE41C5D97BD} = {83220F9C-5627-49E3-82E7-F88D8125F019}
		{6D017F69-C7CF-4F38-AEA4-710857E5ECF4} = {A22AA701-10DA-401A-B163-5DC8EEAE4A00}
		{83AC7828-5034-4F11-B655-94EC266D6946} = {D0F29B98-12FE-40D1-B526-3DD8EC629807}
		{D2A4DE51-ADFD-4C46-A5B4-F7B2C5C8E92E} = {DF386653-2BA2-4AA0-A9C9-DB68E354A357}
		{E2F05B81-080B-4CF0-93C3-D02C8C4DEBE6} = {83220F9C-5627-49E3-82E7-F88D8125F019}
		{ABE0AB3D-4CF6-41BF-9DCF-60EDFBEA017A} = {A22AA701-10DA-401A-B163-5DC8EEAE4A00}
		{E90D6749-EC2A-4072-A36D-FA46E0127AF9} = {D0F29B98-12FE-40D1-B526-3DD8EC629807}
	EndGlobalSection
	GlobalSection(ExtensibilityGlobals) = postSolution
		SolutionGuid = {AB3F1C06-FC9B-4793-A5AA-8AA310783DE8}
	EndGlobalSection
EndGlobal
